
Microsoft Visual Studio Solution File, Format Version 12.00
# Visual Studio Version 17
VisualStudioVersion = 17.2.32630.192
MinimumVisualStudioVersion = 10.0.40219.1
Project("{FAE04EC0-301F-11D3-BF4B-00C04F79EFBC}") = "File IO and Text Manipulation", "File IO and Text Manipulation\File IO and Text Manipulation.csproj", "{71826007-CA2B-46B5-8B37-102F37B8AEFE}"
EndProject
Global
	GlobalSection(SolutionConfigurationPlatforms) = preSolution
		Debug|Any CPU = Debug|Any CPU
		Release|Any CPU = Release|Any CPU
	EndGlobalSection
	GlobalSection(ProjectConfigurationPlatforms) = postSolution
		{71826007-CA2B-46B5-8B37-102F37B8AEFE}.Debug|Any CPU.ActiveCfg = Debug|Any CPU
		{71826007-CA2B-46B5-8B37-102F37B8AEFE}.Debug|Any CPU.Build.0 = Debug|Any CPU
		{71826007-CA2B-46B5-8B37-102F37B8AEFE}.Release|Any CPU.ActiveCfg = Release|Any CPU
		{71826007-CA2B-46B5-8B37-102F37B8AEFE}.Release|Any CPU.Build.0 = Release|Any CPU
	EndGlobalSection
	GlobalSection(SolutionProperties) = preSolution
		HideSolutionNode = FALSE
	EndGlobalSection
	GlobalSection(ExtensibilityGlobals) = postSolution
		SolutionGuid = {62A00D02-DDAC-484B-B5F9-5501E97E0F68}
	EndGlobalSection
EndGlobal
